
Microsoft Visual Studio Solution File, Format Version 12.00
# Visual Studio Version 17
VisualStudioVersion = 17.11.35327.3
MinimumVisualStudioVersion = 10.0.40219.1
Project("{9A19103F-16F7-4668-BE54-9A1E7A4F7556}") = "02_HelloWorld", "02_HelloWorld\02_HelloWorld.csproj", "{BD491A40-0364-4658-84A3-75C7B7D801E6}"
EndProject
Project("{9A19103F-16F7-4668-BE54-9A1E7A4F7556}") = "03_Console", "03_Console\03_Console.csproj", "{B558C112-4B57-4539-9621-423544D5FE8B}"
EndProject
Project("{9A19103F-16F7-4668-BE54-9A1E7A4F7556}") = "04_Variable", "04_Variable\04_Variable.csproj", "{3B1EE59D-4068-4D0F-A355-22F9D2622546}"
EndProject
Project("{9A19103F-16F7-4668-BE54-9A1E7A4F7556}") = "05_string", "05_string\05_string.csproj", "{68696298-6F60-4E93-90B0-CD8CDB3DA84F}"
EndProject
Project("{9A19103F-16F7-4668-BE54-9A1E7A4F7556}") = "06_Assignment", "06_Assignment\06_Assignment.csproj", "{2A50696B-B424-44AE-867A-357A27BE3138}"
EndProject
Project("{9A19103F-16F7-4668-BE54-9A1E7A4F7556}") = "07_ConsoleWriteLine", "07_ConsoleWriteLine\07_ConsoleWriteLine.csproj", "{F0B65587-E448-4FFA-A3C8-B4B948659526}"
EndProject
Project("{9A19103F-16F7-4668-BE54-9A1E7A4F7556}") = "08_ConsoleWriteMulti", "08_ConsoleWriteMulti\08_ConsoleWriteMulti.csproj", "{4CBC1125-A08D-4234-8B62-C5DF5F2C00E8}"
EndProject
Project("{9A19103F-16F7-4668-BE54-9A1E7A4F7556}") = "09_VariablesAndWrite", "09_VariablesAndWrite\09_VariablesAndWrite.csproj", "{E07FC729-F360-4C3F-BD10-23B294C29CDE}"
EndProject
Project("{9A19103F-16F7-4668-BE54-9A1E7A4F7556}") = "10_ConsoleFormat", "10_ConsoleFormat\10_ConsoleFormat.csproj", "{4216C01F-58FA-4F3B-A164-9D45982B71FE}"
EndProject
Project("{9A19103F-16F7-4668-BE54-9A1E7A4F7556}") = "11_FormatSpecifier", "11_FormatSpecifier\11_FormatSpecifier.csproj", "{E3031F88-ECBD-4718-9B64-22F1C235F63B}"
EndProject
Project("{9A19103F-16F7-4668-BE54-9A1E7A4F7556}") = "12_FloatDoubleDecimal", "12_FloatDoubleDecimal\12_FloatDoubleDecimal.csproj", "{A7A5EC3F-715B-420F-89F5-9A6B5F1530F2}"
EndProject
Project("{9A19103F-16F7-4668-BE54-9A1E7A4F7556}") = "13_TypeConversion", "13_TypeConversion\13_TypeConversion.csproj", "{C5963E76-9416-43DC-96B9-B375EFCEEDFF}"
EndProject
Project("{9A19103F-16F7-4668-BE54-9A1E7A4F7556}") = "14_StringToNumber", "14_StringToNumber\14_StringToNumber.csproj", "{64DD4ABD-B5EF-449A-B6F7-32EBC100E2E5}"
EndProject
Project("{9A19103F-16F7-4668-BE54-9A1E7A4F7556}") = "15_Convert", "15_Convert\15_Convert.csproj", "{7295A47C-69B9-4477-ABE4-8938DF3B81B4}"
EndProject
Project("{9A19103F-16F7-4668-BE54-9A1E7A4F7556}") = "16_Operators", "16_Operators\16_Operators.csproj", "{24D234E0-B6E2-4D74-B512-1511791E83BA}"
EndProject
Project("{9A19103F-16F7-4668-BE54-9A1E7A4F7556}") = "17_ArithmeticOperators", "17_ArithmeticOperators\17_ArithmeticOperators.csproj", "{EDC367E4-3249-4F37-B689-F951EA113141}"
EndProject
Project("{9A19103F-16F7-4668-BE54-9A1E7A4F7556}") = "18_DivideByZero", "18_DivideByZero\18_DivideByZero.csproj", "{ED2421A5-E494-4C83-BC20-652821A0A347}"
EndProject
Project("{9A19103F-16F7-4668-BE54-9A1E7A4F7556}") = "19_Overflow", "19_Overflow\19_Overflow.csproj", "{8C0AF29E-CA99-469D-B0A6-A64362ECA87C}"
EndProject
Project("{9A19103F-16F7-4668-BE54-9A1E7A4F7556}") = "20_RelationalOperator", "20_RelationalOperator\20_RelationalOperator.csproj", "{6457C2A4-71B3-4C40-A082-1D90DD18B87E}"
EndProject
Project("{9A19103F-16F7-4668-BE54-9A1E7A4F7556}") = "21_LogicalOperators", "21_LogicalOperators\21_LogicalOperators.csproj", "{EF166185-34EB-43B3-A3A9-E94CC45AA881}"
EndProject
Project("{9A19103F-16F7-4668-BE54-9A1E7A4F7556}") = "22_BitwiseOperators", "22_BitwiseOperators\22_BitwiseOperators.csproj", "{E7163579-7E50-400E-86EE-9A8F870F7785}"
EndProject
Project("{9A19103F-16F7-4668-BE54-9A1E7A4F7556}") = "23_ConditionalOperator", "23_ConditionalOperator\23_ConditionalOperator.csproj", "{48180C00-DC2E-4D4E-A67D-1AD3DB8C51EF}"
EndProject
Project("{9A19103F-16F7-4668-BE54-9A1E7A4F7556}") = "24_CompoundAssignment", "24_CompoundAssignment\24_CompoundAssignment.csproj", "{F956ECD8-231D-478F-AEE0-682E7A35C12A}"
EndProject
Project("{9A19103F-16F7-4668-BE54-9A1E7A4F7556}") = "25_StringMethods", "25_StringMethods\25_StringMethods.csproj", "{E7AF1823-7178-4EEF-ADB7-8C3547DA775D}"
EndProject
Project("{9A19103F-16F7-4668-BE54-9A1E7A4F7556}") = "26_SplitMethod", "26_SplitMethod\26_SplitMethod.csproj", "{4EBCE89D-6B4A-4073-ABA5-EE11479EA417}"
EndProject
Project("{9A19103F-16F7-4668-BE54-9A1E7A4F7556}") = "27_StringConcat", "27_StringConcat\27_StringConcat.csproj", "{3A57C8A2-6F7D-4AA3-9153-597F4A24A295}"
EndProject
Project("{9A19103F-16F7-4668-BE54-9A1E7A4F7556}") = "28_StringContatins", "28_StringContatins\28_StringContatins.csproj", "{8AA487F2-AF65-4391-B782-0CD03D9CC67D}"
EndProject
Project("{9A19103F-16F7-4668-BE54-9A1E7A4F7556}") = "29_StringFormat", "29_StringFormat\29_StringFormat.csproj", "{952BE42E-B3B9-4148-83DC-08C89AE67EE4}"
EndProject
Project("{9A19103F-16F7-4668-BE54-9A1E7A4F7556}") = "30_GroupSeparator", "30_GroupSeparator\30_GroupSeparator.csproj", "{283A69A5-5187-4CF1-9BCE-B10B7481B42B}"
EndProject
Project("{9A19103F-16F7-4668-BE54-9A1E7A4F7556}") = "31_StringBuilder", "31_StringBuilder\31_StringBuilder.csproj", "{E78AC845-81EC-4810-91D2-1786F0027AA8}"
EndProject
Project("{FAE04EC0-301F-11D3-BF4B-00C04F79EFBC}") = "32_Enum", "32_Enum\32_Enum.csproj", "{7D9C7C14-3A24-4EBA-8C71-7E94C4BEA127}"
EndProject
Project("{FAE04EC0-301F-11D3-BF4B-00C04F79EFBC}") = "33_ConstAndReadonly", "33_ConstAndReadonly\33_ConstAndReadonly.csproj", "{B2E475F3-236A-4611-A880-6F0B5FDF9219}"
EndProject
Project("{FAE04EC0-301F-11D3-BF4B-00C04F79EFBC}") = "34_ValueAndReferemce", "34_ValueAndReferemce\34_ValueAndReferemce.csproj", "{06807E86-917C-4B45-A102-3C58F9D82D1A}"
EndProject
Project("{FAE04EC0-301F-11D3-BF4B-00C04F79EFBC}") = "35_PassingArrayAndObject", "35_PassingArrayAndObject\35_PassingArrayAndObject.csproj", "{7E745572-66A4-47B5-8FFD-477FE29A5B07}"
EndProject
Project("{FAE04EC0-301F-11D3-BF4B-00C04F79EFBC}") = "36_NullConditionalOperator", "36_NullConditionalOperator\36_NullConditionalOperator.csproj", "{BDC11A9B-BBE1-4013-9AF4-4D458CA9EB63}"
EndProject
Project("{FAE04EC0-301F-11D3-BF4B-00C04F79EFBC}") = "37_Default", "37_Default\37_Default.csproj", "{E1589B5F-6F99-4CA9-A72D-051558136066}"
EndProject
Project("{FAE04EC0-301F-11D3-BF4B-00C04F79EFBC}") = "38_Nullable", "38_Nullable\38_Nullable.csproj", "{E0D66104-6BDC-45B9-9D3A-EC10FC56FCB0}"
EndProject
Project("{FAE04EC0-301F-11D3-BF4B-00C04F79EFBC}") = "39_Object", "39_Object\39_Object.csproj", "{32652AA8-8FC0-4AD7-885D-DAC7F0E0EE75}"
EndProject
Project("{FAE04EC0-301F-11D3-BF4B-00C04F79EFBC}") = "40_LeapYear", "40_LeapYear\40_LeapYear.csproj", "{CB0B242A-72B1-4537-A307-8E3E6A11D600}"
EndProject
Global
	GlobalSection(SolutionConfigurationPlatforms) = preSolution
		Debug|Any CPU = Debug|Any CPU
		Release|Any CPU = Release|Any CPU
	EndGlobalSection
	GlobalSection(ProjectConfigurationPlatforms) = postSolution
		{BD491A40-0364-4658-84A3-75C7B7D801E6}.Debug|Any CPU.ActiveCfg = Debug|Any CPU
		{BD491A40-0364-4658-84A3-75C7B7D801E6}.Debug|Any CPU.Build.0 = Debug|Any CPU
		{BD491A40-0364-4658-84A3-75C7B7D801E6}.Release|Any CPU.ActiveCfg = Release|Any CPU
		{BD491A40-0364-4658-84A3-75C7B7D801E6}.Release|Any CPU.Build.0 = Release|Any CPU
		{B558C112-4B57-4539-9621-423544D5FE8B}.Debug|Any CPU.ActiveCfg = Debug|Any CPU
		{B558C112-4B57-4539-9621-423544D5FE8B}.Debug|Any CPU.Build.0 = Debug|Any CPU
		{B558C112-4B57-4539-9621-423544D5FE8B}.Release|Any CPU.ActiveCfg = Release|Any CPU
		{B558C112-4B57-4539-9621-423544D5FE8B}.Release|Any CPU.Build.0 = Release|Any CPU
		{3B1EE59D-4068-4D0F-A355-22F9D2622546}.Debug|Any CPU.ActiveCfg = Debug|Any CPU
		{3B1EE59D-4068-4D0F-A355-22F9D2622546}.Debug|Any CPU.Build.0 = Debug|Any CPU
		{3B1EE59D-4068-4D0F-A355-22F9D2622546}.Release|Any CPU.ActiveCfg = Release|Any CPU
		{3B1EE59D-4068-4D0F-A355-22F9D2622546}.Release|Any CPU.Build.0 = Release|Any CPU
		{68696298-6F60-4E93-90B0-CD8CDB3DA84F}.Debug|Any CPU.ActiveCfg = Debug|Any CPU
		{68696298-6F60-4E93-90B0-CD8CDB3DA84F}.Debug|Any CPU.Build.0 = Debug|Any CPU
		{68696298-6F60-4E93-90B0-CD8CDB3DA84F}.Release|Any CPU.ActiveCfg = Release|Any CPU
		{68696298-6F60-4E93-90B0-CD8CDB3DA84F}.Release|Any CPU.Build.0 = Release|Any CPU
		{2A50696B-B424-44AE-867A-357A27BE3138}.Debug|Any CPU.ActiveCfg = Debug|Any CPU
		{2A50696B-B424-44AE-867A-357A27BE3138}.Debug|Any CPU.Build.0 = Debug|Any CPU
		{2A50696B-B424-44AE-867A-357A27BE3138}.Release|Any CPU.ActiveCfg = Release|Any CPU
		{2A50696B-B424-44AE-867A-357A27BE3138}.Release|Any CPU.Build.0 = Release|Any CPU
		{F0B65587-E448-4FFA-A3C8-B4B948659526}.Debug|Any CPU.ActiveCfg = Debug|Any CPU
		{F0B65587-E448-4FFA-A3C8-B4B948659526}.Debug|Any CPU.Build.0 = Debug|Any CPU
		{F0B65587-E448-4FFA-A3C8-B4B948659526}.Release|Any CPU.ActiveCfg = Release|Any CPU
		{F0B65587-E448-4FFA-A3C8-B4B948659526}.Release|Any CPU.Build.0 = Release|Any CPU
		{4CBC1125-A08D-4234-8B62-C5DF5F2C00E8}.Debug|Any CPU.ActiveCfg = Debug|Any CPU
		{4CBC1125-A08D-4234-8B62-C5DF5F2C00E8}.Debug|Any CPU.Build.0 = Debug|Any CPU
		{4CBC1125-A08D-4234-8B62-C5DF5F2C00E8}.Release|Any CPU.ActiveCfg = Release|Any CPU
		{4CBC1125-A08D-4234-8B62-C5DF5F2C00E8}.Release|Any CPU.Build.0 = Release|Any CPU
		{E07FC729-F360-4C3F-BD10-23B294C29CDE}.Debug|Any CPU.ActiveCfg = Debug|Any CPU
		{E07FC729-F360-4C3F-BD10-23B294C29CDE}.Debug|Any CPU.Build.0 = Debug|Any CPU
		{E07FC729-F360-4C3F-BD10-23B294C29CDE}.Release|Any CPU.ActiveCfg = Release|Any CPU
		{E07FC729-F360-4C3F-BD10-23B294C29CDE}.Release|Any CPU.Build.0 = Release|Any CPU
		{4216C01F-58FA-4F3B-A164-9D45982B71FE}.Debug|Any CPU.ActiveCfg = Debug|Any CPU
		{4216C01F-58FA-4F3B-A164-9D45982B71FE}.Debug|Any CPU.Build.0 = Debug|Any CPU
		{4216C01F-58FA-4F3B-A164-9D45982B71FE}.Release|Any CPU.ActiveCfg = Release|Any CPU
		{4216C01F-58FA-4F3B-A164-9D45982B71FE}.Release|Any CPU.Build.0 = Release|Any CPU
		{E3031F88-ECBD-4718-9B64-22F1C235F63B}.Debug|Any CPU.ActiveCfg = Debug|Any CPU
		{E3031F88-ECBD-4718-9B64-22F1C235F63B}.Debug|Any CPU.Build.0 = Debug|Any CPU
		{E3031F88-ECBD-4718-9B64-22F1C235F63B}.Release|Any CPU.ActiveCfg = Release|Any CPU
		{E3031F88-ECBD-4718-9B64-22F1C235F63B}.Release|Any CPU.Build.0 = Release|Any CPU
		{A7A5EC3F-715B-420F-89F5-9A6B5F1530F2}.Debug|Any CPU.ActiveCfg = Debug|Any CPU
		{A7A5EC3F-715B-420F-89F5-9A6B5F1530F2}.Debug|Any CPU.Build.0 = Debug|Any CPU
		{A7A5EC3F-715B-420F-89F5-9A6B5F1530F2}.Release|Any CPU.ActiveCfg = Release|Any CPU
		{A7A5EC3F-715B-420F-89F5-9A6B5F1530F2}.Release|Any CPU.Build.0 = Release|Any CPU
		{C5963E76-9416-43DC-96B9-B375EFCEEDFF}.Debug|Any CPU.ActiveCfg = Debug|Any CPU
		{C5963E76-9416-43DC-96B9-B375EFCEEDFF}.Debug|Any CPU.Build.0 = Debug|Any CPU
		{C5963E76-9416-43DC-96B9-B375EFCEEDFF}.Release|Any CPU.ActiveCfg = Release|Any CPU
		{C5963E76-9416-43DC-96B9-B375EFCEEDFF}.Release|Any CPU.Build.0 = Release|Any CPU
		{64DD4ABD-B5EF-449A-B6F7-32EBC100E2E5}.Debug|Any CPU.ActiveCfg = Debug|Any CPU
		{64DD4ABD-B5EF-449A-B6F7-32EBC100E2E5}.Debug|Any CPU.Build.0 = Debug|Any CPU
		{64DD4ABD-B5EF-449A-B6F7-32EBC100E2E5}.Release|Any CPU.ActiveCfg = Release|Any CPU
		{64DD4ABD-B5EF-449A-B6F7-32EBC100E2E5}.Release|Any CPU.Build.0 = Release|Any CPU
		{7295A47C-69B9-4477-ABE4-8938DF3B81B4}.Debug|Any CPU.ActiveCfg = Debug|Any CPU
		{7295A47C-69B9-4477-ABE4-8938DF3B81B4}.Debug|Any CPU.Build.0 = Debug|Any CPU
		{7295A47C-69B9-4477-ABE4-8938DF3B81B4}.Release|Any CPU.ActiveCfg = Release|Any CPU
		{7295A47C-69B9-4477-ABE4-8938DF3B81B4}.Release|Any CPU.Build.0 = Release|Any CPU
		{24D234E0-B6E2-4D74-B512-1511791E83BA}.Debug|Any CPU.ActiveCfg = Debug|Any CPU
		{24D234E0-B6E2-4D74-B512-1511791E83BA}.Debug|Any CPU.Build.0 = Debug|Any CPU
		{24D234E0-B6E2-4D74-B512-1511791E83BA}.Release|Any CPU.ActiveCfg = Release|Any CPU
		{24D234E0-B6E2-4D74-B512-1511791E83BA}.Release|Any CPU.Build.0 = Release|Any CPU
		{EDC367E4-3249-4F37-B689-F951EA113141}.Debug|Any CPU.ActiveCfg = Debug|Any CPU
		{EDC367E4-3249-4F37-B689-F951EA113141}.Debug|Any CPU.Build.0 = Debug|Any CPU
		{EDC367E4-3249-4F37-B689-F951EA113141}.Release|Any CPU.ActiveCfg = Release|Any CPU
		{EDC367E4-3249-4F37-B689-F951EA113141}.Release|Any CPU.Build.0 = Release|Any CPU
		{ED2421A5-E494-4C83-BC20-652821A0A347}.Debug|Any CPU.ActiveCfg = Debug|Any CPU
		{ED2421A5-E494-4C83-BC20-652821A0A347}.Debug|Any CPU.Build.0 = Debug|Any CPU
		{ED2421A5-E494-4C83-BC20-652821A0A347}.Release|Any CPU.ActiveCfg = Release|Any CPU
		{ED2421A5-E494-4C83-BC20-652821A0A347}.Release|Any CPU.Build.0 = Release|Any CPU
		{8C0AF29E-CA99-469D-B0A6-A64362ECA87C}.Debug|Any CPU.ActiveCfg = Debug|Any CPU
		{8C0AF29E-CA99-469D-B0A6-A64362ECA87C}.Debug|Any CPU.Build.0 = Debug|Any CPU
		{8C0AF29E-CA99-469D-B0A6-A64362ECA87C}.Release|Any CPU.ActiveCfg = Release|Any CPU
		{8C0AF29E-CA99-469D-B0A6-A64362ECA87C}.Release|Any CPU.Build.0 = Release|Any CPU
		{6457C2A4-71B3-4C40-A082-1D90DD18B87E}.Debug|Any CPU.ActiveCfg = Debug|Any CPU
		{6457C2A4-71B3-4C40-A082-1D90DD18B87E}.Debug|Any CPU.Build.0 = Debug|Any CPU
		{6457C2A4-71B3-4C40-A082-1D90DD18B87E}.Release|Any CPU.ActiveCfg = Release|Any CPU
		{6457C2A4-71B3-4C40-A082-1D90DD18B87E}.Release|Any CPU.Build.0 = Release|Any CPU
		{EF166185-34EB-43B3-A3A9-E94CC45AA881}.Debug|Any CPU.ActiveCfg = Debug|Any CPU
		{EF166185-34EB-43B3-A3A9-E94CC45AA881}.Debug|Any CPU.Build.0 = Debug|Any CPU
		{EF166185-34EB-43B3-A3A9-E94CC45AA881}.Release|Any CPU.ActiveCfg = Release|Any CPU
		{EF166185-34EB-43B3-A3A9-E94CC45AA881}.Release|Any CPU.Build.0 = Release|Any CPU
		{E7163579-7E50-400E-86EE-9A8F870F7785}.Debug|Any CPU.ActiveCfg = Debug|Any CPU
		{E7163579-7E50-400E-86EE-9A8F870F7785}.Debug|Any CPU.Build.0 = Debug|Any CPU
		{E7163579-7E50-400E-86EE-9A8F870F7785}.Release|Any CPU.ActiveCfg = Release|Any CPU
		{E7163579-7E50-400E-86EE-9A8F870F7785}.Release|Any CPU.Build.0 = Release|Any CPU
		{48180C00-DC2E-4D4E-A67D-1AD3DB8C51EF}.Debug|Any CPU.ActiveCfg = Debug|Any CPU
		{48180C00-DC2E-4D4E-A67D-1AD3DB8C51EF}.Debug|Any CPU.Build.0 = Debug|Any CPU
		{48180C00-DC2E-4D4E-A67D-1AD3DB8C51EF}.Release|Any CPU.ActiveCfg = Release|Any CPU
		{48180C00-DC2E-4D4E-A67D-1AD3DB8C51EF}.Release|Any CPU.Build.0 = Release|Any CPU
		{F956ECD8-231D-478F-AEE0-682E7A35C12A}.Debug|Any CPU.ActiveCfg = Debug|Any CPU
		{F956ECD8-231D-478F-AEE0-682E7A35C12A}.Debug|Any CPU.Build.0 = Debug|Any CPU
		{F956ECD8-231D-478F-AEE0-682E7A35C12A}.Release|Any CPU.ActiveCfg = Release|Any CPU
		{F956ECD8-231D-478F-AEE0-682E7A35C12A}.Release|Any CPU.Build.0 = Release|Any CPU
		{E7AF1823-7178-4EEF-ADB7-8C3547DA775D}.Debug|Any CPU.ActiveCfg = Debug|Any CPU
		{E7AF1823-7178-4EEF-ADB7-8C3547DA775D}.Debug|Any CPU.Build.0 = Debug|Any CPU
		{E7AF1823-7178-4EEF-ADB7-8C3547DA775D}.Release|Any CPU.ActiveCfg = Release|Any CPU
		{E7AF1823-7178-4EEF-ADB7-8C3547DA775D}.Release|Any CPU.Build.0 = Release|Any CPU
		{4EBCE89D-6B4A-4073-ABA5-EE11479EA417}.Debug|Any CPU.ActiveCfg = Debug|Any CPU
		{4EBCE89D-6B4A-4073-ABA5-EE11479EA417}.Debug|Any CPU.Build.0 = Debug|Any CPU
		{4EBCE89D-6B4A-4073-ABA5-EE11479EA417}.Release|Any CPU.ActiveCfg = Release|Any CPU
		{4EBCE89D-6B4A-4073-ABA5-EE11479EA417}.Release|Any CPU.Build.0 = Release|Any CPU
		{3A57C8A2-6F7D-4AA3-9153-597F4A24A295}.Debug|Any CPU.ActiveCfg = Debug|Any CPU
		{3A57C8A2-6F7D-4AA3-9153-597F4A24A295}.Debug|Any CPU.Build.0 = Debug|Any CPU
		{3A57C8A2-6F7D-4AA3-9153-597F4A24A295}.Release|Any CPU.ActiveCfg = Release|Any CPU
		{3A57C8A2-6F7D-4AA3-9153-597F4A24A295}.Release|Any CPU.Build.0 = Release|Any CPU
		{8AA487F2-AF65-4391-B782-0CD03D9CC67D}.Debug|Any CPU.ActiveCfg = Debug|Any CPU
		{8AA487F2-AF65-4391-B782-0CD03D9CC67D}.Debug|Any CPU.Build.0 = Debug|Any CPU
		{8AA487F2-AF65-4391-B782-0CD03D9CC67D}.Release|Any CPU.ActiveCfg = Release|Any CPU
		{8AA487F2-AF65-4391-B782-0CD03D9CC67D}.Release|Any CPU.Build.0 = Release|Any CPU
		{952BE42E-B3B9-4148-83DC-08C89AE67EE4}.Debug|Any CPU.ActiveCfg = Debug|Any CPU
		{952BE42E-B3B9-4148-83DC-08C89AE67EE4}.Debug|Any CPU.Build.0 = Debug|Any CPU
		{952BE42E-B3B9-4148-83DC-08C89AE67EE4}.Release|Any CPU.ActiveCfg = Release|Any CPU
		{952BE42E-B3B9-4148-83DC-08C89AE67EE4}.Release|Any CPU.Build.0 = Release|Any CPU
		{283A69A5-5187-4CF1-9BCE-B10B7481B42B}.Debug|Any CPU.ActiveCfg = Debug|Any CPU
		{283A69A5-5187-4CF1-9BCE-B10B7481B42B}.Debug|Any CPU.Build.0 = Debug|Any CPU
		{283A69A5-5187-4CF1-9BCE-B10B7481B42B}.Release|Any CPU.ActiveCfg = Release|Any CPU
		{283A69A5-5187-4CF1-9BCE-B10B7481B42B}.Release|Any CPU.Build.0 = Release|Any CPU
		{E78AC845-81EC-4810-91D2-1786F0027AA8}.Debug|Any CPU.ActiveCfg = Debug|Any CPU
		{E78AC845-81EC-4810-91D2-1786F0027AA8}.Debug|Any CPU.Build.0 = Debug|Any CPU
		{E78AC845-81EC-4810-91D2-1786F0027AA8}.Release|Any CPU.ActiveCfg = Release|Any CPU
		{E78AC845-81EC-4810-91D2-1786F0027AA8}.Release|Any CPU.Build.0 = Release|Any CPU
		{7D9C7C14-3A24-4EBA-8C71-7E94C4BEA127}.Debug|Any CPU.ActiveCfg = Debug|Any CPU
		{7D9C7C14-3A24-4EBA-8C71-7E94C4BEA127}.Debug|Any CPU.Build.0 = Debug|Any CPU
		{7D9C7C14-3A24-4EBA-8C71-7E94C4BEA127}.Release|Any CPU.ActiveCfg = Release|Any CPU
		{7D9C7C14-3A24-4EBA-8C71-7E94C4BEA127}.Release|Any CPU.Build.0 = Release|Any CPU
		{B2E475F3-236A-4611-A880-6F0B5FDF9219}.Debug|Any CPU.ActiveCfg = Debug|Any CPU
		{B2E475F3-236A-4611-A880-6F0B5FDF9219}.Debug|Any CPU.Build.0 = Debug|Any CPU
		{B2E475F3-236A-4611-A880-6F0B5FDF9219}.Release|Any CPU.ActiveCfg = Release|Any CPU
		{B2E475F3-236A-4611-A880-6F0B5FDF9219}.Release|Any CPU.Build.0 = Release|Any CPU
		{06807E86-917C-4B45-A102-3C58F9D82D1A}.Debug|Any CPU.ActiveCfg = Debug|Any CPU
		{06807E86-917C-4B45-A102-3C58F9D82D1A}.Debug|Any CPU.Build.0 = Debug|Any CPU
		{06807E86-917C-4B45-A102-3C58F9D82D1A}.Release|Any CPU.ActiveCfg = Release|Any CPU
		{06807E86-917C-4B45-A102-3C58F9D82D1A}.Release|Any CPU.Build.0 = Release|Any CPU
		{7E745572-66A4-47B5-8FFD-477FE29A5B07}.Debug|Any CPU.ActiveCfg = Debug|Any CPU
		{7E745572-66A4-47B5-8FFD-477FE29A5B07}.Debug|Any CPU.Build.0 = Debug|Any CPU
		{7E745572-66A4-47B5-8FFD-477FE29A5B07}.Release|Any CPU.ActiveCfg = Release|Any CPU
		{7E745572-66A4-47B5-8FFD-477FE29A5B07}.Release|Any CPU.Build.0 = Release|Any CPU
		{BDC11A9B-BBE1-4013-9AF4-4D458CA9EB63}.Debug|Any CPU.ActiveCfg = Debug|Any CPU
		{BDC11A9B-BBE1-4013-9AF4-4D458CA9EB63}.Debug|Any CPU.Build.0 = Debug|Any CPU
		{BDC11A9B-BBE1-4013-9AF4-4D458CA9EB63}.Release|Any CPU.ActiveCfg = Release|Any CPU
		{BDC11A9B-BBE1-4013-9AF4-4D458CA9EB63}.Release|Any CPU.Build.0 = Release|Any CPU
		{E1589B5F-6F99-4CA9-A72D-051558136066}.Debug|Any CPU.ActiveCfg = Debug|Any CPU
		{E1589B5F-6F99-4CA9-A72D-051558136066}.Debug|Any CPU.Build.0 = Debug|Any CPU
		{E1589B5F-6F99-4CA9-A72D-051558136066}.Release|Any CPU.ActiveCfg = Release|Any CPU
		{E1589B5F-6F99-4CA9-A72D-051558136066}.Release|Any CPU.Build.0 = Release|Any CPU
		{E0D66104-6BDC-45B9-9D3A-EC10FC56FCB0}.Debug|Any CPU.ActiveCfg = Debug|Any CPU
		{E0D66104-6BDC-45B9-9D3A-EC10FC56FCB0}.Debug|Any CPU.Build.0 = Debug|Any CPU
		{E0D66104-6BDC-45B9-9D3A-EC10FC56FCB0}.Release|Any CPU.ActiveCfg = Release|Any CPU
		{E0D66104-6BDC-45B9-9D3A-EC10FC56FCB0}.Release|Any CPU.Build.0 = Release|Any CPU
		{32652AA8-8FC0-4AD7-885D-DAC7F0E0EE75}.Debug|Any CPU.ActiveCfg = Debug|Any CPU
		{32652AA8-8FC0-4AD7-885D-DAC7F0E0EE75}.Debug|Any CPU.Build.0 = Debug|Any CPU
		{32652AA8-8FC0-4AD7-885D-DAC7F0E0EE75}.Release|Any CPU.ActiveCfg = Release|Any CPU
		{32652AA8-8FC0-4AD7-885D-DAC7F0E0EE75}.Release|Any CPU.Build.0 = Release|Any CPU
		{CB0B242A-72B1-4537-A307-8E3E6A11D600}.Debug|Any CPU.ActiveCfg = Debug|Any CPU
		{CB0B242A-72B1-4537-A307-8E3E6A11D600}.Debug|Any CPU.Build.0 = Debug|Any CPU
		{CB0B242A-72B1-4537-A307-8E3E6A11D600}.Release|Any CPU.ActiveCfg = Release|Any CPU
		{CB0B242A-72B1-4537-A307-8E3E6A11D600}.Release|Any CPU.Build.0 = Release|Any CPU
	EndGlobalSection
	GlobalSection(SolutionProperties) = preSolution
		HideSolutionNode = FALSE
	EndGlobalSection
	GlobalSection(ExtensibilityGlobals) = postSolution
		SolutionGuid = {8AF323BD-F159-4D08-8601-E39B0FB54B2C}
	EndGlobalSection
EndGlobal
