
Microsoft Visual Studio Solution File, Format Version 12.00
# Visual Studio Version 17
VisualStudioVersion = 17.11.35327.3
MinimumVisualStudioVersion = 10.0.40219.1
Project("{9A19103F-16F7-4668-BE54-9A1E7A4F7556}") = "02_HelloWorld", "02_HelloWorld\02_HelloWorld.csproj", "{BD491A40-0364-4658-84A3-75C7B7D801E6}"
EndProject
Project("{9A19103F-16F7-4668-BE54-9A1E7A4F7556}") = "03_Console", "03_Console\03_Console.csproj", "{B558C112-4B57-4539-9621-423544D5FE8B}"
EndProject
Project("{9A19103F-16F7-4668-BE54-9A1E7A4F7556}") = "04_Variable", "04_Variable\04_Variable.csproj", "{3B1EE59D-4068-4D0F-A355-22F9D2622546}"
EndProject
Project("{9A19103F-16F7-4668-BE54-9A1E7A4F7556}") = "05_string", "05_string\05_string.csproj", "{68696298-6F60-4E93-90B0-CD8CDB3DA84F}"
EndProject
Project("{9A19103F-16F7-4668-BE54-9A1E7A4F7556}") = "06_Assignment", "06_Assignment\06_Assignment.csproj", "{2A50696B-B424-44AE-867A-357A27BE3138}"
EndProject
Project("{9A19103F-16F7-4668-BE54-9A1E7A4F7556}") = "07_ConsoleWriteLine", "07_ConsoleWriteLine\07_ConsoleWriteLine.csproj", "{F0B65587-E448-4FFA-A3C8-B4B948659526}"
EndProject
Project("{9A19103F-16F7-4668-BE54-9A1E7A4F7556}") = "08_ConsoleWriteMulti", "08_ConsoleWriteMulti\08_ConsoleWriteMulti.csproj", "{4CBC1125-A08D-4234-8B62-C5DF5F2C00E8}"
EndProject
Project("{9A19103F-16F7-4668-BE54-9A1E7A4F7556}") = "09_VariablesAndWrite", "09_VariablesAndWrite\09_VariablesAndWrite.csproj", "{E07FC729-F360-4C3F-BD10-23B294C29CDE}"
EndProject
Project("{9A19103F-16F7-4668-BE54-9A1E7A4F7556}") = "10_ConsoleFormat", "10_ConsoleFormat\10_ConsoleFormat.csproj", "{4216C01F-58FA-4F3B-A164-9D45982B71FE}"
EndProject
Project("{FAE04EC0-301F-11D3-BF4B-00C04F79EFBC}") = "11_FormatSpecifier", "11_FormatSpecifier\11_FormatSpecifier.csproj", "{E3031F88-ECBD-4718-9B64-22F1C235F63B}"
EndProject
Project("{FAE04EC0-301F-11D3-BF4B-00C04F79EFBC}") = "12_FloatDoubleDecimal", "12_FloatDoubleDecimal\12_FloatDoubleDecimal.csproj", "{A7A5EC3F-715B-420F-89F5-9A6B5F1530F2}"
EndProject
Project("{FAE04EC0-301F-11D3-BF4B-00C04F79EFBC}") = "13_TypeConversion", "13_TypeConversion\13_TypeConversion.csproj", "{C5963E76-9416-43DC-96B9-B375EFCEEDFF}"
EndProject
Project("{FAE04EC0-301F-11D3-BF4B-00C04F79EFBC}") = "14_StringToNumber", "14_StringToNumber\14_StringToNumber.csproj", "{64DD4ABD-B5EF-449A-B6F7-32EBC100E2E5}"
EndProject
Project("{FAE04EC0-301F-11D3-BF4B-00C04F79EFBC}") = "15_Convert", "15_Convert\15_Convert.csproj", "{7295A47C-69B9-4477-ABE4-8938DF3B81B4}"
EndProject
Project("{FAE04EC0-301F-11D3-BF4B-00C04F79EFBC}") = "16_Operators", "16_Operators\16_Operators.csproj", "{24D234E0-B6E2-4D74-B512-1511791E83BA}"
EndProject
Project("{FAE04EC0-301F-11D3-BF4B-00C04F79EFBC}") = "17_ArithmeticOperators", "17_ArithmeticOperators\17_ArithmeticOperators.csproj", "{EDC367E4-3249-4F37-B689-F951EA113141}"
EndProject
Global
	GlobalSection(SolutionConfigurationPlatforms) = preSolution
		Debug|Any CPU = Debug|Any CPU
		Release|Any CPU = Release|Any CPU
	EndGlobalSection
	GlobalSection(ProjectConfigurationPlatforms) = postSolution
		{BD491A40-0364-4658-84A3-75C7B7D801E6}.Debug|Any CPU.ActiveCfg = Debug|Any CPU
		{BD491A40-0364-4658-84A3-75C7B7D801E6}.Debug|Any CPU.Build.0 = Debug|Any CPU
		{BD491A40-0364-4658-84A3-75C7B7D801E6}.Release|Any CPU.ActiveCfg = Release|Any CPU
		{BD491A40-0364-4658-84A3-75C7B7D801E6}.Release|Any CPU.Build.0 = Release|Any CPU
		{B558C112-4B57-4539-9621-423544D5FE8B}.Debug|Any CPU.ActiveCfg = Debug|Any CPU
		{B558C112-4B57-4539-9621-423544D5FE8B}.Debug|Any CPU.Build.0 = Debug|Any CPU
		{B558C112-4B57-4539-9621-423544D5FE8B}.Release|Any CPU.ActiveCfg = Release|Any CPU
		{B558C112-4B57-4539-9621-423544D5FE8B}.Release|Any CPU.Build.0 = Release|Any CPU
		{3B1EE59D-4068-4D0F-A355-22F9D2622546}.Debug|Any CPU.ActiveCfg = Debug|Any CPU
		{3B1EE59D-4068-4D0F-A355-22F9D2622546}.Debug|Any CPU.Build.0 = Debug|Any CPU
		{3B1EE59D-4068-4D0F-A355-22F9D2622546}.Release|Any CPU.ActiveCfg = Release|Any CPU
		{3B1EE59D-4068-4D0F-A355-22F9D2622546}.Release|Any CPU.Build.0 = Release|Any CPU
		{68696298-6F60-4E93-90B0-CD8CDB3DA84F}.Debug|Any CPU.ActiveCfg = Debug|Any CPU
		{68696298-6F60-4E93-90B0-CD8CDB3DA84F}.Debug|Any CPU.Build.0 = Debug|Any CPU
		{68696298-6F60-4E93-90B0-CD8CDB3DA84F}.Release|Any CPU.ActiveCfg = Release|Any CPU
		{68696298-6F60-4E93-90B0-CD8CDB3DA84F}.Release|Any CPU.Build.0 = Release|Any CPU
		{2A50696B-B424-44AE-867A-357A27BE3138}.Debug|Any CPU.ActiveCfg = Debug|Any CPU
		{2A50696B-B424-44AE-867A-357A27BE3138}.Debug|Any CPU.Build.0 = Debug|Any CPU
		{2A50696B-B424-44AE-867A-357A27BE3138}.Release|Any CPU.ActiveCfg = Release|Any CPU
		{2A50696B-B424-44AE-867A-357A27BE3138}.Release|Any CPU.Build.0 = Release|Any CPU
		{F0B65587-E448-4FFA-A3C8-B4B948659526}.Debug|Any CPU.ActiveCfg = Debug|Any CPU
		{F0B65587-E448-4FFA-A3C8-B4B948659526}.Debug|Any CPU.Build.0 = Debug|Any CPU
		{F0B65587-E448-4FFA-A3C8-B4B948659526}.Release|Any CPU.ActiveCfg = Release|Any CPU
		{F0B65587-E448-4FFA-A3C8-B4B948659526}.Release|Any CPU.Build.0 = Release|Any CPU
		{4CBC1125-A08D-4234-8B62-C5DF5F2C00E8}.Debug|Any CPU.ActiveCfg = Debug|Any CPU
		{4CBC1125-A08D-4234-8B62-C5DF5F2C00E8}.Debug|Any CPU.Build.0 = Debug|Any CPU
		{4CBC1125-A08D-4234-8B62-C5DF5F2C00E8}.Release|Any CPU.ActiveCfg = Release|Any CPU
		{4CBC1125-A08D-4234-8B62-C5DF5F2C00E8}.Release|Any CPU.Build.0 = Release|Any CPU
		{E07FC729-F360-4C3F-BD10-23B294C29CDE}.Debug|Any CPU.ActiveCfg = Debug|Any CPU
		{E07FC729-F360-4C3F-BD10-23B294C29CDE}.Debug|Any CPU.Build.0 = Debug|Any CPU
		{E07FC729-F360-4C3F-BD10-23B294C29CDE}.Release|Any CPU.ActiveCfg = Release|Any CPU
		{E07FC729-F360-4C3F-BD10-23B294C29CDE}.Release|Any CPU.Build.0 = Release|Any CPU
		{4216C01F-58FA-4F3B-A164-9D45982B71FE}.Debug|Any CPU.ActiveCfg = Debug|Any CPU
		{4216C01F-58FA-4F3B-A164-9D45982B71FE}.Debug|Any CPU.Build.0 = Debug|Any CPU
		{4216C01F-58FA-4F3B-A164-9D45982B71FE}.Release|Any CPU.ActiveCfg = Release|Any CPU
		{4216C01F-58FA-4F3B-A164-9D45982B71FE}.Release|Any CPU.Build.0 = Release|Any CPU
		{E3031F88-ECBD-4718-9B64-22F1C235F63B}.Debug|Any CPU.ActiveCfg = Debug|Any CPU
		{E3031F88-ECBD-4718-9B64-22F1C235F63B}.Debug|Any CPU.Build.0 = Debug|Any CPU
		{E3031F88-ECBD-4718-9B64-22F1C235F63B}.Release|Any CPU.ActiveCfg = Release|Any CPU
		{E3031F88-ECBD-4718-9B64-22F1C235F63B}.Release|Any CPU.Build.0 = Release|Any CPU
		{A7A5EC3F-715B-420F-89F5-9A6B5F1530F2}.Debug|Any CPU.ActiveCfg = Debug|Any CPU
		{A7A5EC3F-715B-420F-89F5-9A6B5F1530F2}.Debug|Any CPU.Build.0 = Debug|Any CPU
		{A7A5EC3F-715B-420F-89F5-9A6B5F1530F2}.Release|Any CPU.ActiveCfg = Release|Any CPU
		{A7A5EC3F-715B-420F-89F5-9A6B5F1530F2}.Release|Any CPU.Build.0 = Release|Any CPU
		{C5963E76-9416-43DC-96B9-B375EFCEEDFF}.Debug|Any CPU.ActiveCfg = Debug|Any CPU
		{C5963E76-9416-43DC-96B9-B375EFCEEDFF}.Debug|Any CPU.Build.0 = Debug|Any CPU
		{C5963E76-9416-43DC-96B9-B375EFCEEDFF}.Release|Any CPU.ActiveCfg = Release|Any CPU
		{C5963E76-9416-43DC-96B9-B375EFCEEDFF}.Release|Any CPU.Build.0 = Release|Any CPU
		{64DD4ABD-B5EF-449A-B6F7-32EBC100E2E5}.Debug|Any CPU.ActiveCfg = Debug|Any CPU
		{64DD4ABD-B5EF-449A-B6F7-32EBC100E2E5}.Debug|Any CPU.Build.0 = Debug|Any CPU
		{64DD4ABD-B5EF-449A-B6F7-32EBC100E2E5}.Release|Any CPU.ActiveCfg = Release|Any CPU
		{64DD4ABD-B5EF-449A-B6F7-32EBC100E2E5}.Release|Any CPU.Build.0 = Release|Any CPU
		{7295A47C-69B9-4477-ABE4-8938DF3B81B4}.Debug|Any CPU.ActiveCfg = Debug|Any CPU
		{7295A47C-69B9-4477-ABE4-8938DF3B81B4}.Debug|Any CPU.Build.0 = Debug|Any CPU
		{7295A47C-69B9-4477-ABE4-8938DF3B81B4}.Release|Any CPU.ActiveCfg = Release|Any CPU
		{7295A47C-69B9-4477-ABE4-8938DF3B81B4}.Release|Any CPU.Build.0 = Release|Any CPU
		{24D234E0-B6E2-4D74-B512-1511791E83BA}.Debug|Any CPU.ActiveCfg = Debug|Any CPU
		{24D234E0-B6E2-4D74-B512-1511791E83BA}.Debug|Any CPU.Build.0 = Debug|Any CPU
		{24D234E0-B6E2-4D74-B512-1511791E83BA}.Release|Any CPU.ActiveCfg = Release|Any CPU
		{24D234E0-B6E2-4D74-B512-1511791E83BA}.Release|Any CPU.Build.0 = Release|Any CPU
		{EDC367E4-3249-4F37-B689-F951EA113141}.Debug|Any CPU.ActiveCfg = Debug|Any CPU
		{EDC367E4-3249-4F37-B689-F951EA113141}.Debug|Any CPU.Build.0 = Debug|Any CPU
		{EDC367E4-3249-4F37-B689-F951EA113141}.Release|Any CPU.ActiveCfg = Release|Any CPU
		{EDC367E4-3249-4F37-B689-F951EA113141}.Release|Any CPU.Build.0 = Release|Any CPU
	EndGlobalSection
	GlobalSection(SolutionProperties) = preSolution
		HideSolutionNode = FALSE
	EndGlobalSection
	GlobalSection(ExtensibilityGlobals) = postSolution
		SolutionGuid = {8AF323BD-F159-4D08-8601-E39B0FB54B2C}
	EndGlobalSection
EndGlobal
